
Microsoft Visual Studio Solution File, Format Version 12.00
# Visual Studio 15
VisualStudioVersion = 15.0.26124.0
MinimumVisualStudioVersion = 15.0.26124.0
Project("{FAE04EC0-301F-11D3-BF4B-00C04F79EFBC}") = "my-new-app", "websyscsc\my-new-app.csproj", "{DDF04D56-967C-490E-8BAA-DB126265FAF9}"
EndProject
Project("{FAE04EC0-301F-11D3-BF4B-00C04F79EFBC}") = "Datos", "Datos\Datos.csproj", "{F13A0414-86B1-48E6-8B23-C9CDE1413AEE}"
EndProject
Project("{FAE04EC0-301F-11D3-BF4B-00C04F79EFBC}") = "Logica", "Logica\Logica.csproj", "{EFB14ADB-109D-4A5F-BEEA-4663BB00253D}"
EndProject
Project("{FAE04EC0-301F-11D3-BF4B-00C04F79EFBC}") = "Entity", "Entity\Entity.csproj", "{EF65C18F-7352-415E-9C46-7C24C70A15CF}"
EndProject
Global
	GlobalSection(SolutionConfigurationPlatforms) = preSolution
		Debug|Any CPU = Debug|Any CPU
		Debug|x64 = Debug|x64
		Debug|x86 = Debug|x86
		Release|Any CPU = Release|Any CPU
		Release|x64 = Release|x64
		Release|x86 = Release|x86
	EndGlobalSection
	GlobalSection(SolutionProperties) = preSolution
		HideSolutionNode = FALSE
	EndGlobalSection
	GlobalSection(ProjectConfigurationPlatforms) = postSolution
		{DDF04D56-967C-490E-8BAA-DB126265FAF9}.Debug|Any CPU.ActiveCfg = Debug|Any CPU
		{DDF04D56-967C-490E-8BAA-DB126265FAF9}.Debug|Any CPU.Build.0 = Debug|Any CPU
		{DDF04D56-967C-490E-8BAA-DB126265FAF9}.Debug|x64.ActiveCfg = Debug|Any CPU
		{DDF04D56-967C-490E-8BAA-DB126265FAF9}.Debug|x64.Build.0 = Debug|Any CPU
		{DDF04D56-967C-490E-8BAA-DB126265FAF9}.Debug|x86.ActiveCfg = Debug|Any CPU
		{DDF04D56-967C-490E-8BAA-DB126265FAF9}.Debug|x86.Build.0 = Debug|Any CPU
		{DDF04D56-967C-490E-8BAA-DB126265FAF9}.Release|Any CPU.ActiveCfg = Release|Any CPU
		{DDF04D56-967C-490E-8BAA-DB126265FAF9}.Release|Any CPU.Build.0 = Release|Any CPU
		{DDF04D56-967C-490E-8BAA-DB126265FAF9}.Release|x64.ActiveCfg = Release|Any CPU
		{DDF04D56-967C-490E-8BAA-DB126265FAF9}.Release|x64.Build.0 = Release|Any CPU
		{DDF04D56-967C-490E-8BAA-DB126265FAF9}.Release|x86.ActiveCfg = Release|Any CPU
		{DDF04D56-967C-490E-8BAA-DB126265FAF9}.Release|x86.Build.0 = Release|Any CPU
		{F13A0414-86B1-48E6-8B23-C9CDE1413AEE}.Debug|Any CPU.ActiveCfg = Debug|Any CPU
		{F13A0414-86B1-48E6-8B23-C9CDE1413AEE}.Debug|Any CPU.Build.0 = Debug|Any CPU
		{F13A0414-86B1-48E6-8B23-C9CDE1413AEE}.Debug|x64.ActiveCfg = Debug|Any CPU
		{F13A0414-86B1-48E6-8B23-C9CDE1413AEE}.Debug|x64.Build.0 = Debug|Any CPU
		{F13A0414-86B1-48E6-8B23-C9CDE1413AEE}.Debug|x86.ActiveCfg = Debug|Any CPU
		{F13A0414-86B1-48E6-8B23-C9CDE1413AEE}.Debug|x86.Build.0 = Debug|Any CPU
		{F13A0414-86B1-48E6-8B23-C9CDE1413AEE}.Release|Any CPU.ActiveCfg = Release|Any CPU
		{F13A0414-86B1-48E6-8B23-C9CDE1413AEE}.Release|Any CPU.Build.0 = Release|Any CPU
		{F13A0414-86B1-48E6-8B23-C9CDE1413AEE}.Release|x64.ActiveCfg = Release|Any CPU
		{F13A0414-86B1-48E6-8B23-C9CDE1413AEE}.Release|x64.Build.0 = Release|Any CPU
		{F13A0414-86B1-48E6-8B23-C9CDE1413AEE}.Release|x86.ActiveCfg = Release|Any CPU
		{F13A0414-86B1-48E6-8B23-C9CDE1413AEE}.Release|x86.Build.0 = Release|Any CPU
		{EFB14ADB-109D-4A5F-BEEA-4663BB00253D}.Debug|Any CPU.ActiveCfg = Debug|Any CPU
		{EFB14ADB-109D-4A5F-BEEA-4663BB00253D}.Debug|Any CPU.Build.0 = Debug|Any CPU
		{EFB14ADB-109D-4A5F-BEEA-4663BB00253D}.Debug|x64.ActiveCfg = Debug|Any CPU
		{EFB14ADB-109D-4A5F-BEEA-4663BB00253D}.Debug|x64.Build.0 = Debug|Any CPU
		{EFB14ADB-109D-4A5F-BEEA-4663BB00253D}.Debug|x86.ActiveCfg = Debug|Any CPU
		{EFB14ADB-109D-4A5F-BEEA-4663BB00253D}.Debug|x86.Build.0 = Debug|Any CPU
		{EFB14ADB-109D-4A5F-BEEA-4663BB00253D}.Release|Any CPU.ActiveCfg = Release|Any CPU
		{EFB14ADB-109D-4A5F-BEEA-4663BB00253D}.Release|Any CPU.Build.0 = Release|Any CPU
		{EFB14ADB-109D-4A5F-BEEA-4663BB00253D}.Release|x64.ActiveCfg = Release|Any CPU
		{EFB14ADB-109D-4A5F-BEEA-4663BB00253D}.Release|x64.Build.0 = Release|Any CPU
		{EFB14ADB-109D-4A5F-BEEA-4663BB00253D}.Release|x86.ActiveCfg = Release|Any CPU
		{EFB14ADB-109D-4A5F-BEEA-4663BB00253D}.Release|x86.Build.0 = Release|Any CPU
		{EF65C18F-7352-415E-9C46-7C24C70A15CF}.Debug|Any CPU.ActiveCfg = Debug|Any CPU
		{EF65C18F-7352-415E-9C46-7C24C70A15CF}.Debug|Any CPU.Build.0 = Debug|Any CPU
		{EF65C18F-7352-415E-9C46-7C24C70A15CF}.Debug|x64.ActiveCfg = Debug|Any CPU
		{EF65C18F-7352-415E-9C46-7C24C70A15CF}.Debug|x64.Build.0 = Debug|Any CPU
		{EF65C18F-7352-415E-9C46-7C24C70A15CF}.Debug|x86.ActiveCfg = Debug|Any CPU
		{EF65C18F-7352-415E-9C46-7C24C70A15CF}.Debug|x86.Build.0 = Debug|Any CPU
		{EF65C18F-7352-415E-9C46-7C24C70A15CF}.Release|Any CPU.ActiveCfg = Release|Any CPU
		{EF65C18F-7352-415E-9C46-7C24C70A15CF}.Release|Any CPU.Build.0 = Release|Any CPU
		{EF65C18F-7352-415E-9C46-7C24C70A15CF}.Release|x64.ActiveCfg = Release|Any CPU
		{EF65C18F-7352-415E-9C46-7C24C70A15CF}.Release|x64.Build.0 = Release|Any CPU
		{EF65C18F-7352-415E-9C46-7C24C70A15CF}.Release|x86.ActiveCfg = Release|Any CPU
		{EF65C18F-7352-415E-9C46-7C24C70A15CF}.Release|x86.Build.0 = Release|Any CPU
	EndGlobalSection
EndGlobal
